<?xml version="1.0" encoding="utf-8"?>
<Project ToolsVersion="4.0" xmlns="http://schemas.microsoft.com/developer/msbuild/2003">
  <ItemGroup>
    <Filter Include="Archivos de origen">
      <UniqueIdentifier>{4FC737F1-C7A5-4376-A066-2A32D752A2FF}</UniqueIdentifier>
      <Extensions>cpp;c;cc;cxx;def;odl;idl;hpj;bat;asm;asmx</Extensions>
    </Filter>
    <Filter Include="Archivos de encabezado">
      <UniqueIdentifier>{93995380-89BD-4b04-88EB-625FBE52EBFB}</UniqueIdentifier>
      <Extensions>h;hh;hpp;hxx;hm;inl;inc;ipp;xsd</Extensions>
    </Filter>
    <Filter Include="Archivos de recursos">
      <UniqueIdentifier>{67DA6AB6-F800-4c08-8B7A-83BB121AAD01}</UniqueIdentifier>
      <Extensions>rc;ico;cur;bmp;dlg;rc2;rct;bin;rgs;gif;jpg;jpeg;jpe;resx;tiff;tif;png;wav;mfcribbon-ms</Extensions>
    </Filter>
    <Filter Include="objets">
      <UniqueIdentifier>{fd56f37d-c14d-4b0c-ad11-e35a6ac1717f}</UniqueIdentifier>
    </Filter>
  </ItemGroup>
  <ItemGroup>
    <ClCompile Include="..\src\main.cpp">
      <Filter>Archivos de origen</Filter>
    </ClCompile>
    <ClCompile Include="..\src\objects\game.cpp">
      <Filter>objets</Filter>
    </ClCompile>
    <ClCompile Include="..\src\objects\player.cpp">
      <Filter>objets</Filter>
    </ClCompile>
    <ClCompile Include="..\src\objects\enemy.cpp">
      <Filter>objets</Filter>
    </ClCompile>
    <ClCompile Include="..\src\objects\bullets.cpp">
      <Filter>objets</Filter>
    </ClCompile>
    <ClCompile Include="..\src\objects\Button.cpp">
      <Filter>objets</Filter>
    </ClCompile>
    <ClCompile Include="..\src\Topo.cpp">
      <Filter>Archivos de origen</Filter>
    </ClCompile>
    <ClCompile Include="..\src\objects\MainMenu.cpp">
      <Filter>objets</Filter>
    </ClCompile>
    <ClCompile Include="..\src\objects\Text.cpp">
      <Filter>objets</Filter>
    </ClCompile>
    <ClCompile Include="..\src\objects\GameSession.cpp">
      <Filter>objets</Filter>
    </ClCompile>
    <ClCompile Include="..\src\objects\GameSettings.cpp">
      <Filter>objets</Filter>
    </ClCompile>
    <ClCompile Include="..\src\objects\CheckBox.cpp">
      <Filter>objets</Filter>
    </ClCompile>
    <ClCompile Include="..\src\objects\Credits.cpp">
      <Filter>Archivos de origen</Filter>
    </ClCompile>
    <ClCompile Include="..\src\objects\Controls.cpp">
      <Filter>objets</Filter>
    </ClCompile>
  </ItemGroup>
  <ItemGroup>
    <ClInclude Include="..\src\objects\game.h">
      <Filter>Archivos de encabezado</Filter>
    </ClInclude>
    <ClInclude Include="..\src\objects\player.h">
      <Filter>Archivos de encabezado</Filter>
    </ClInclude>
    <ClInclude Include="..\src\objects\enemy.h">
      <Filter>Archivos de encabezado</Filter>
    </ClInclude>
    <ClInclude Include="..\src\objects\bullets.h">
      <Filter>Archivos de encabezado</Filter>
    </ClInclude>
    <ClInclude Include="..\src\Topo.h">
      <Filter>Archivos de encabezado</Filter>
    </ClInclude>
    <ClInclude Include="..\src\objects\Button.h">
      <Filter>Archivos de encabezado</Filter>
    </ClInclude>
    <ClInclude Include="..\src\objects\MainMenu.h">
      <Filter>Archivos de encabezado</Filter>
    </ClInclude>
    <ClInclude Include="..\src\objects\Text.h">
      <Filter>Archivos de encabezado</Filter>
    </ClInclude>
    <ClInclude Include="..\src\objects\GameSession.h">
      <Filter>Archivos de encabezado</Filter>
    </ClInclude>
    <ClInclude Include="..\src\objects\GameSettings.h">
      <Filter>Archivos de encabezado</Filter>
    </ClInclude>
    <ClInclude Include="..\src\objects\CheckBox.h">
      <Filter>Archivos de encabezado</Filter>
    </ClInclude>
    <ClInclude Include="..\src\objects\Credits.h">
      <Filter>Archivos de encabezado</Filter>
    </ClInclude>
    <ClInclude Include="..\src\objects\Controls.h">
      <Filter>Archivos de encabezado</Filter>
    </ClInclude>
  </ItemGroup>
</Project>